
Microsoft Visual Studio Solution File, Format Version 12.00
# Visual Studio Version 16
VisualStudioVersion = 16.0.31005.135
MinimumVisualStudioVersion = 10.0.40219.1
Project("{8BC9CEB8-8B4A-11D0-8D11-00A0C91BC942}") = "freetype_gdiplus", "freetype_gdiplus.vcxproj", "{CA3B4A58-2B57-4369-A3FE-41B787F37EFD}"
EndProject
Global
	GlobalSection(SolutionConfigurationPlatforms) = preSolution
		Debug|x64 = Debug|x64
		Debug|x86 = Debug|x86
		Release|x64 = Release|x64
		Release|x86 = Release|x86
	EndGlobalSection
	GlobalSection(ProjectConfigurationPlatforms) = postSolution
		{CA3B4A58-2B57-4369-A3FE-41B787F37EFD}.Debug|x64.ActiveCfg = Debug|x64
		{CA3B4A58-2B57-4369-A3FE-41B787F37EFD}.Debug|x64.Build.0 = Debug|x64
		{CA3B4A58-2B57-4369-A3FE-41B787F37EFD}.Debug|x86.ActiveCfg = Debug|Win32
		{CA3B4A58-2B57-4369-A3FE-41B787F37EFD}.Debug|x86.Build.0 = Debug|Win32
		{CA3B4A58-2B57-4369-A3FE-41B787F37EFD}.Release|x64.ActiveCfg = Release|x64
		{CA3B4A58-2B57-4369-A3FE-41B787F37EFD}.Release|x64.Build.0 = Release|x64
		{CA3B4A58-2B57-4369-A3FE-41B787F37EFD}.Release|x86.ActiveCfg = Release|Win32
		{CA3B4A58-2B57-4369-A3FE-41B787F37EFD}.Release|x86.Build.0 = Release|Win32
	EndGlobalSection
	GlobalSection(SolutionProperties) = preSolution
		HideSolutionNode = FALSE
	EndGlobalSection
	GlobalSection(ExtensibilityGlobals) = postSolution
		SolutionGuid = {00FEBD2E-9418-4ADC-85B6-93B81787E0E3}
	EndGlobalSection
EndGlobal
